
Microsoft Visual Studio Solution File, Format Version 12.00
# Visual Studio Version 17
VisualStudioVersion = 17.11.35312.102
MinimumVisualStudioVersion = 10.0.40219.1
Project("{9A19103F-16F7-4668-BE54-9A1E7A4F7556}") = "SchedulerService", "SchedulerService\SchedulerService.csproj", "{047D2F05-435A-4513-9C5A-E3BFE35B1E74}"
EndProject
Project("{9A19103F-16F7-4668-BE54-9A1E7A4F7556}") = "AOI.Common", "AOI.Common\AOI.Common.csproj", "{A2216F3C-46D1-4590-A68C-05F7BE79B762}"
EndProject
Project("{9A19103F-16F7-4668-BE54-9A1E7A4F7556}") = "AOI.Infrastructure", "AOI.Infrastructure\AOI.Infrastructure.csproj", "{21202E65-B234-4740-AF48-8076382073BF}"
EndProject
Project("{9A19103F-16F7-4668-BE54-9A1E7A4F7556}") = "GrabControlService", "GrabControlService\GrabControlService.csproj", "{5B42CDAC-8371-4D56-8F1D-903015405260}"
EndProject
Project("{9A19103F-16F7-4668-BE54-9A1E7A4F7556}") = "AOISimulatorHost", "AOISimulatorHost\AOISimulatorHost.csproj", "{C7DD8B5C-173C-4A2F-8510-42891B3CBFBF}"
EndProject
Project("{2150E333-8FDC-42A3-9474-1A3956D46DE8}") = "Services", "Services", "{EC71E355-1898-4839-8E17-51FC6FB01703}"
EndProject
Project("{2150E333-8FDC-42A3-9474-1A3956D46DE8}") = "Tests", "Tests", "{61FE2EFC-0756-4AC3-A917-B321F3EF753B}"
EndProject
Project("{2150E333-8FDC-42A3-9474-1A3956D46DE8}") = "Bases", "Bases", "{D4975AC5-17CE-445E-9AFC-5DD62253F36E}"
EndProject
Project("{9A19103F-16F7-4668-BE54-9A1E7A4F7556}") = "GrabWorkerService", "GrabWorkerService\GrabWorkerService.csproj", "{3D70132F-2ACA-4CE7-A89F-6B8550087993}"
EndProject
Project("{9A19103F-16F7-4668-BE54-9A1E7A4F7556}") = "MappingService", "MappingService\MappingService.csproj", "{7708DFFD-D1AE-4D6C-8D8D-23F7EDE79C85}"
EndProject
Project("{9A19103F-16F7-4668-BE54-9A1E7A4F7556}") = "InspectControlService", "InspectControlService\InspectControlService.csproj", "{241C2BAF-5309-4C09-A561-47A2413E75D0}"
EndProject
Project("{9A19103F-16F7-4668-BE54-9A1E7A4F7556}") = "InspectWorkerService", "InspectWorkerService\InspectWorkerService.csproj", "{D0B93C5C-E1F2-4274-9905-B067CAF60FAA}"
EndProject
Project("{FAE04EC0-301F-11D3-BF4B-00C04F79EFBC}") = "UI.GatewayApi", "UI.GatewayApi\UI.GatewayApi.csproj", "{58DF31A3-C5E3-4A0D-8A26-2DBC6EF13077}"
EndProject
Global
	GlobalSection(SolutionConfigurationPlatforms) = preSolution
		Debug|Any CPU = Debug|Any CPU
		Release|Any CPU = Release|Any CPU
	EndGlobalSection
	GlobalSection(ProjectConfigurationPlatforms) = postSolution
		{047D2F05-435A-4513-9C5A-E3BFE35B1E74}.Debug|Any CPU.ActiveCfg = Debug|Any CPU
		{047D2F05-435A-4513-9C5A-E3BFE35B1E74}.Debug|Any CPU.Build.0 = Debug|Any CPU
		{047D2F05-435A-4513-9C5A-E3BFE35B1E74}.Release|Any CPU.ActiveCfg = Release|Any CPU
		{047D2F05-435A-4513-9C5A-E3BFE35B1E74}.Release|Any CPU.Build.0 = Release|Any CPU
		{A2216F3C-46D1-4590-A68C-05F7BE79B762}.Debug|Any CPU.ActiveCfg = Debug|Any CPU
		{A2216F3C-46D1-4590-A68C-05F7BE79B762}.Debug|Any CPU.Build.0 = Debug|Any CPU
		{A2216F3C-46D1-4590-A68C-05F7BE79B762}.Release|Any CPU.ActiveCfg = Release|Any CPU
		{A2216F3C-46D1-4590-A68C-05F7BE79B762}.Release|Any CPU.Build.0 = Release|Any CPU
		{21202E65-B234-4740-AF48-8076382073BF}.Debug|Any CPU.ActiveCfg = Debug|Any CPU
		{21202E65-B234-4740-AF48-8076382073BF}.Debug|Any CPU.Build.0 = Debug|Any CPU
		{21202E65-B234-4740-AF48-8076382073BF}.Release|Any CPU.ActiveCfg = Release|Any CPU
		{21202E65-B234-4740-AF48-8076382073BF}.Release|Any CPU.Build.0 = Release|Any CPU
		{5B42CDAC-8371-4D56-8F1D-903015405260}.Debug|Any CPU.ActiveCfg = Debug|Any CPU
		{5B42CDAC-8371-4D56-8F1D-903015405260}.Debug|Any CPU.Build.0 = Debug|Any CPU
		{5B42CDAC-8371-4D56-8F1D-903015405260}.Release|Any CPU.ActiveCfg = Release|Any CPU
		{5B42CDAC-8371-4D56-8F1D-903015405260}.Release|Any CPU.Build.0 = Release|Any CPU
		{C7DD8B5C-173C-4A2F-8510-42891B3CBFBF}.Debug|Any CPU.ActiveCfg = Debug|Any CPU
		{C7DD8B5C-173C-4A2F-8510-42891B3CBFBF}.Debug|Any CPU.Build.0 = Debug|Any CPU
		{C7DD8B5C-173C-4A2F-8510-42891B3CBFBF}.Release|Any CPU.ActiveCfg = Release|Any CPU
		{C7DD8B5C-173C-4A2F-8510-42891B3CBFBF}.Release|Any CPU.Build.0 = Release|Any CPU
		{3D70132F-2ACA-4CE7-A89F-6B8550087993}.Debug|Any CPU.ActiveCfg = Debug|Any CPU
		{3D70132F-2ACA-4CE7-A89F-6B8550087993}.Debug|Any CPU.Build.0 = Debug|Any CPU
		{3D70132F-2ACA-4CE7-A89F-6B8550087993}.Release|Any CPU.ActiveCfg = Release|Any CPU
		{3D70132F-2ACA-4CE7-A89F-6B8550087993}.Release|Any CPU.Build.0 = Release|Any CPU
		{7708DFFD-D1AE-4D6C-8D8D-23F7EDE79C85}.Debug|Any CPU.ActiveCfg = Debug|Any CPU
		{7708DFFD-D1AE-4D6C-8D8D-23F7EDE79C85}.Debug|Any CPU.Build.0 = Debug|Any CPU
		{7708DFFD-D1AE-4D6C-8D8D-23F7EDE79C85}.Release|Any CPU.ActiveCfg = Release|Any CPU
		{7708DFFD-D1AE-4D6C-8D8D-23F7EDE79C85}.Release|Any CPU.Build.0 = Release|Any CPU
		{241C2BAF-5309-4C09-A561-47A2413E75D0}.Debug|Any CPU.ActiveCfg = Debug|Any CPU
		{241C2BAF-5309-4C09-A561-47A2413E75D0}.Debug|Any CPU.Build.0 = Debug|Any CPU
		{241C2BAF-5309-4C09-A561-47A2413E75D0}.Release|Any CPU.ActiveCfg = Release|Any CPU
		{241C2BAF-5309-4C09-A561-47A2413E75D0}.Release|Any CPU.Build.0 = Release|Any CPU
		{D0B93C5C-E1F2-4274-9905-B067CAF60FAA}.Debug|Any CPU.ActiveCfg = Debug|Any CPU
		{D0B93C5C-E1F2-4274-9905-B067CAF60FAA}.Debug|Any CPU.Build.0 = Debug|Any CPU
		{D0B93C5C-E1F2-4274-9905-B067CAF60FAA}.Release|Any CPU.ActiveCfg = Release|Any CPU
		{D0B93C5C-E1F2-4274-9905-B067CAF60FAA}.Release|Any CPU.Build.0 = Release|Any CPU
		{58DF31A3-C5E3-4A0D-8A26-2DBC6EF13077}.Debug|Any CPU.ActiveCfg = Debug|Any CPU
		{58DF31A3-C5E3-4A0D-8A26-2DBC6EF13077}.Debug|Any CPU.Build.0 = Debug|Any CPU
		{58DF31A3-C5E3-4A0D-8A26-2DBC6EF13077}.Release|Any CPU.ActiveCfg = Release|Any CPU
		{58DF31A3-C5E3-4A0D-8A26-2DBC6EF13077}.Release|Any CPU.Build.0 = Release|Any CPU
	EndGlobalSection
	GlobalSection(SolutionProperties) = preSolution
		HideSolutionNode = FALSE
	EndGlobalSection
	GlobalSection(NestedProjects) = preSolution
		{047D2F05-435A-4513-9C5A-E3BFE35B1E74} = {EC71E355-1898-4839-8E17-51FC6FB01703}
		{A2216F3C-46D1-4590-A68C-05F7BE79B762} = {D4975AC5-17CE-445E-9AFC-5DD62253F36E}
		{21202E65-B234-4740-AF48-8076382073BF} = {D4975AC5-17CE-445E-9AFC-5DD62253F36E}
		{5B42CDAC-8371-4D56-8F1D-903015405260} = {EC71E355-1898-4839-8E17-51FC6FB01703}
		{C7DD8B5C-173C-4A2F-8510-42891B3CBFBF} = {61FE2EFC-0756-4AC3-A917-B321F3EF753B}
		{3D70132F-2ACA-4CE7-A89F-6B8550087993} = {EC71E355-1898-4839-8E17-51FC6FB01703}
		{7708DFFD-D1AE-4D6C-8D8D-23F7EDE79C85} = {EC71E355-1898-4839-8E17-51FC6FB01703}
		{241C2BAF-5309-4C09-A561-47A2413E75D0} = {EC71E355-1898-4839-8E17-51FC6FB01703}
		{D0B93C5C-E1F2-4274-9905-B067CAF60FAA} = {EC71E355-1898-4839-8E17-51FC6FB01703}
		{58DF31A3-C5E3-4A0D-8A26-2DBC6EF13077} = {EC71E355-1898-4839-8E17-51FC6FB01703}
	EndGlobalSection
	GlobalSection(ExtensibilityGlobals) = postSolution
		SolutionGuid = {8D30C080-F3C4-4AF5-80BA-4F32FEC3230C}
	EndGlobalSection
EndGlobal
